
Microsoft Visual Studio Solution File, Format Version 12.00
# Visual Studio Version 16
VisualStudioVersion = 16.0.29728.190
MinimumVisualStudioVersion = 10.0.40219.1
Project("{FAE04EC0-301F-11D3-BF4B-00C04F79EFBC}") = "CourseLibrary.API", "CourseLibrary.API\CourseLibrary.API.csproj", "{24148940-EC9C-483F-B687-F7169C6C9D60}"
EndProject
Global
	GlobalSection(SolutionConfigurationPlatforms) = preSolution
		Debug|Any CPU = Debug|Any CPU
		Release|Any CPU = Release|Any CPU
	EndGlobalSection
	GlobalSection(ProjectConfigurationPlatforms) = postSolution
		{24148940-EC9C-483F-B687-F7169C6C9D60}.Debug|Any CPU.ActiveCfg = Debug|Any CPU
		{24148940-EC9C-483F-B687-F7169C6C9D60}.Debug|Any CPU.Build.0 = Debug|Any CPU
		{24148940-EC9C-483F-B687-F7169C6C9D60}.Release|Any CPU.ActiveCfg = Release|Any CPU
		{24148940-EC9C-483F-B687-F7169C6C9D60}.Release|Any CPU.Build.0 = Release|Any CPU
	EndGlobalSection
	GlobalSection(SolutionProperties) = preSolution
		HideSolutionNode = FALSE
	EndGlobalSection
	GlobalSection(ExtensibilityGlobals) = postSolution
		SolutionGuid = {03328874-EADC-4A19-90ED-21AD7A625931}
	EndGlobalSection
EndGlobal
